
Microsoft Visual Studio Solution File, Format Version 12.00
# Visual Studio Version 17
VisualStudioVersion = 17.10.35013.160
MinimumVisualStudioVersion = 10.0.40219.1
Project("{FAE04EC0-301F-11D3-BF4B-00C04F79EFBC}") = "Task_001", "Task_001\Task_001.csproj", "{B715ED38-C331-458F-BF05-BFED44392DAA}"
EndProject
Project("{FAE04EC0-301F-11D3-BF4B-00C04F79EFBC}") = "Task_002", "Task_002\Task_002.csproj", "{50901219-6CCB-4FE3-B898-44B7A98E429A}"
EndProject
Project("{FAE04EC0-301F-11D3-BF4B-00C04F79EFBC}") = "Task_003", "Task_003\Task_003.csproj", "{4EF2DD32-B7A8-47D9-816E-3CE00B461253}"
EndProject
Project("{FAE04EC0-301F-11D3-BF4B-00C04F79EFBC}") = "Task_004", "Task_004\Task_004.csproj", "{F49B8967-2873-4411-B137-7D1FB4368784}"
EndProject
Project("{FAE04EC0-301F-11D3-BF4B-00C04F79EFBC}") = "Task_005", "Task_005\Task_005.csproj", "{A0DECB90-A5BE-4E8B-A78F-90A255CFB05B}"
EndProject
Project("{FAE04EC0-301F-11D3-BF4B-00C04F79EFBC}") = "Task_006", "Task_006\Task_006.csproj", "{84879BB6-1B9B-41C7-A48B-93B249E263DF}"
EndProject
Project("{FAE04EC0-301F-11D3-BF4B-00C04F79EFBC}") = "Task_007", "Task_007\Task_007.csproj", "{A0D11731-EFE9-4295-B714-96845C39E3CC}"
EndProject
Project("{FAE04EC0-301F-11D3-BF4B-00C04F79EFBC}") = "Task_008", "Task_008\Task_008.csproj", "{71160B76-77E8-4E7D-AC83-B02F50C4F72B}"
EndProject
Project("{FAE04EC0-301F-11D3-BF4B-00C04F79EFBC}") = "Task_009", "Task_009\Task_009.csproj", "{62E0F172-A61F-4013-BF86-6C6337656B00}"
EndProject
Project("{FAE04EC0-301F-11D3-BF4B-00C04F79EFBC}") = "Task_010", "Task_010\Task_010.csproj", "{EF6701CF-861D-41FB-8490-87A83E9EDCCF}"
EndProject
Project("{FAE04EC0-301F-11D3-BF4B-00C04F79EFBC}") = "Task_011", "Task_011\Task_011.csproj", "{CB1A7FF9-B0CA-4A94-8480-3565F4203B71}"
EndProject
Project("{FAE04EC0-301F-11D3-BF4B-00C04F79EFBC}") = "Task_012", "Task_012\Task_012.csproj", "{525EF59E-51E5-4DD2-AB79-AB78312C7285}"
EndProject
Project("{FAE04EC0-301F-11D3-BF4B-00C04F79EFBC}") = "Task_013", "Task_013\Task_013.csproj", "{F84090EA-0454-401F-B725-D91D0EBF6300}"
EndProject
Project("{FAE04EC0-301F-11D3-BF4B-00C04F79EFBC}") = "Task_014", "Task_014\Task_014.csproj", "{FD53A4E2-1654-4A6C-AF6D-859B4AFB54E8}"
EndProject
Project("{FAE04EC0-301F-11D3-BF4B-00C04F79EFBC}") = "Task_015", "Task_015\Task_015.csproj", "{4274F8B6-F570-41E9-89F7-B7D93C3D0AEA}"
EndProject
Project("{FAE04EC0-301F-11D3-BF4B-00C04F79EFBC}") = "Task_016", "Task_016\Task_016.csproj", "{92A497EA-6737-4A12-9E5F-292753848396}"
EndProject
Project("{FAE04EC0-301F-11D3-BF4B-00C04F79EFBC}") = "Task_017", "Task_017\Task_017.csproj", "{9BC847DB-145C-48CF-B939-2FC8CF2FF452}"
EndProject
Project("{FAE04EC0-301F-11D3-BF4B-00C04F79EFBC}") = "Task_018", "Task_018\Task_018.csproj", "{05A2D541-0180-4CC9-B799-6DB4DD88581F}"
EndProject
Project("{FAE04EC0-301F-11D3-BF4B-00C04F79EFBC}") = "Task_019", "Task_019\Task_019.csproj", "{B3415523-8DA2-4321-AA0F-11B956D04C59}"
EndProject
Project("{FAE04EC0-301F-11D3-BF4B-00C04F79EFBC}") = "Task_020", "Task_020\Task_020.csproj", "{BB6CDD70-2B1F-4F1C-8440-9E2E96DBACC0}"
EndProject
Global
	GlobalSection(SolutionConfigurationPlatforms) = preSolution
		Debug|Any CPU = Debug|Any CPU
		Release|Any CPU = Release|Any CPU
	EndGlobalSection
	GlobalSection(ProjectConfigurationPlatforms) = postSolution
		{B715ED38-C331-458F-BF05-BFED44392DAA}.Debug|Any CPU.ActiveCfg = Debug|Any CPU
		{B715ED38-C331-458F-BF05-BFED44392DAA}.Debug|Any CPU.Build.0 = Debug|Any CPU
		{B715ED38-C331-458F-BF05-BFED44392DAA}.Release|Any CPU.ActiveCfg = Release|Any CPU
		{B715ED38-C331-458F-BF05-BFED44392DAA}.Release|Any CPU.Build.0 = Release|Any CPU
		{50901219-6CCB-4FE3-B898-44B7A98E429A}.Debug|Any CPU.ActiveCfg = Debug|Any CPU
		{50901219-6CCB-4FE3-B898-44B7A98E429A}.Debug|Any CPU.Build.0 = Debug|Any CPU
		{50901219-6CCB-4FE3-B898-44B7A98E429A}.Release|Any CPU.ActiveCfg = Release|Any CPU
		{50901219-6CCB-4FE3-B898-44B7A98E429A}.Release|Any CPU.Build.0 = Release|Any CPU
		{4EF2DD32-B7A8-47D9-816E-3CE00B461253}.Debug|Any CPU.ActiveCfg = Debug|Any CPU
		{4EF2DD32-B7A8-47D9-816E-3CE00B461253}.Debug|Any CPU.Build.0 = Debug|Any CPU
		{4EF2DD32-B7A8-47D9-816E-3CE00B461253}.Release|Any CPU.ActiveCfg = Release|Any CPU
		{4EF2DD32-B7A8-47D9-816E-3CE00B461253}.Release|Any CPU.Build.0 = Release|Any CPU
		{F49B8967-2873-4411-B137-7D1FB4368784}.Debug|Any CPU.ActiveCfg = Debug|Any CPU
		{F49B8967-2873-4411-B137-7D1FB4368784}.Debug|Any CPU.Build.0 = Debug|Any CPU
		{F49B8967-2873-4411-B137-7D1FB4368784}.Release|Any CPU.ActiveCfg = Release|Any CPU
		{F49B8967-2873-4411-B137-7D1FB4368784}.Release|Any CPU.Build.0 = Release|Any CPU
		{A0DECB90-A5BE-4E8B-A78F-90A255CFB05B}.Debug|Any CPU.ActiveCfg = Debug|Any CPU
		{A0DECB90-A5BE-4E8B-A78F-90A255CFB05B}.Debug|Any CPU.Build.0 = Debug|Any CPU
		{A0DECB90-A5BE-4E8B-A78F-90A255CFB05B}.Release|Any CPU.ActiveCfg = Release|Any CPU
		{A0DECB90-A5BE-4E8B-A78F-90A255CFB05B}.Release|Any CPU.Build.0 = Release|Any CPU
		{84879BB6-1B9B-41C7-A48B-93B249E263DF}.Debug|Any CPU.ActiveCfg = Debug|Any CPU
		{84879BB6-1B9B-41C7-A48B-93B249E263DF}.Debug|Any CPU.Build.0 = Debug|Any CPU
		{84879BB6-1B9B-41C7-A48B-93B249E263DF}.Release|Any CPU.ActiveCfg = Release|Any CPU
		{84879BB6-1B9B-41C7-A48B-93B249E263DF}.Release|Any CPU.Build.0 = Release|Any CPU
		{A0D11731-EFE9-4295-B714-96845C39E3CC}.Debug|Any CPU.ActiveCfg = Debug|Any CPU
		{A0D11731-EFE9-4295-B714-96845C39E3CC}.Debug|Any CPU.Build.0 = Debug|Any CPU
		{A0D11731-EFE9-4295-B714-96845C39E3CC}.Release|Any CPU.ActiveCfg = Release|Any CPU
		{A0D11731-EFE9-4295-B714-96845C39E3CC}.Release|Any CPU.Build.0 = Release|Any CPU
		{71160B76-77E8-4E7D-AC83-B02F50C4F72B}.Debug|Any CPU.ActiveCfg = Debug|Any CPU
		{71160B76-77E8-4E7D-AC83-B02F50C4F72B}.Debug|Any CPU.Build.0 = Debug|Any CPU
		{71160B76-77E8-4E7D-AC83-B02F50C4F72B}.Release|Any CPU.ActiveCfg = Release|Any CPU
		{71160B76-77E8-4E7D-AC83-B02F50C4F72B}.Release|Any CPU.Build.0 = Release|Any CPU
		{62E0F172-A61F-4013-BF86-6C6337656B00}.Debug|Any CPU.ActiveCfg = Debug|Any CPU
		{62E0F172-A61F-4013-BF86-6C6337656B00}.Debug|Any CPU.Build.0 = Debug|Any CPU
		{62E0F172-A61F-4013-BF86-6C6337656B00}.Release|Any CPU.ActiveCfg = Release|Any CPU
		{62E0F172-A61F-4013-BF86-6C6337656B00}.Release|Any CPU.Build.0 = Release|Any CPU
		{EF6701CF-861D-41FB-8490-87A83E9EDCCF}.Debug|Any CPU.ActiveCfg = Debug|Any CPU
		{EF6701CF-861D-41FB-8490-87A83E9EDCCF}.Debug|Any CPU.Build.0 = Debug|Any CPU
		{EF6701CF-861D-41FB-8490-87A83E9EDCCF}.Release|Any CPU.ActiveCfg = Release|Any CPU
		{EF6701CF-861D-41FB-8490-87A83E9EDCCF}.Release|Any CPU.Build.0 = Release|Any CPU
		{CB1A7FF9-B0CA-4A94-8480-3565F4203B71}.Debug|Any CPU.ActiveCfg = Debug|Any CPU
		{CB1A7FF9-B0CA-4A94-8480-3565F4203B71}.Debug|Any CPU.Build.0 = Debug|Any CPU
		{CB1A7FF9-B0CA-4A94-8480-3565F4203B71}.Release|Any CPU.ActiveCfg = Release|Any CPU
		{CB1A7FF9-B0CA-4A94-8480-3565F4203B71}.Release|Any CPU.Build.0 = Release|Any CPU
		{525EF59E-51E5-4DD2-AB79-AB78312C7285}.Debug|Any CPU.ActiveCfg = Debug|Any CPU
		{525EF59E-51E5-4DD2-AB79-AB78312C7285}.Debug|Any CPU.Build.0 = Debug|Any CPU
		{525EF59E-51E5-4DD2-AB79-AB78312C7285}.Release|Any CPU.ActiveCfg = Release|Any CPU
		{525EF59E-51E5-4DD2-AB79-AB78312C7285}.Release|Any CPU.Build.0 = Release|Any CPU
		{F84090EA-0454-401F-B725-D91D0EBF6300}.Debug|Any CPU.ActiveCfg = Debug|Any CPU
		{F84090EA-0454-401F-B725-D91D0EBF6300}.Debug|Any CPU.Build.0 = Debug|Any CPU
		{F84090EA-0454-401F-B725-D91D0EBF6300}.Release|Any CPU.ActiveCfg = Release|Any CPU
		{F84090EA-0454-401F-B725-D91D0EBF6300}.Release|Any CPU.Build.0 = Release|Any CPU
		{FD53A4E2-1654-4A6C-AF6D-859B4AFB54E8}.Debug|Any CPU.ActiveCfg = Debug|Any CPU
		{FD53A4E2-1654-4A6C-AF6D-859B4AFB54E8}.Debug|Any CPU.Build.0 = Debug|Any CPU
		{FD53A4E2-1654-4A6C-AF6D-859B4AFB54E8}.Release|Any CPU.ActiveCfg = Release|Any CPU
		{FD53A4E2-1654-4A6C-AF6D-859B4AFB54E8}.Release|Any CPU.Build.0 = Release|Any CPU
		{4274F8B6-F570-41E9-89F7-B7D93C3D0AEA}.Debug|Any CPU.ActiveCfg = Debug|Any CPU
		{4274F8B6-F570-41E9-89F7-B7D93C3D0AEA}.Debug|Any CPU.Build.0 = Debug|Any CPU
		{4274F8B6-F570-41E9-89F7-B7D93C3D0AEA}.Release|Any CPU.ActiveCfg = Release|Any CPU
		{4274F8B6-F570-41E9-89F7-B7D93C3D0AEA}.Release|Any CPU.Build.0 = Release|Any CPU
		{92A497EA-6737-4A12-9E5F-292753848396}.Debug|Any CPU.ActiveCfg = Debug|Any CPU
		{92A497EA-6737-4A12-9E5F-292753848396}.Debug|Any CPU.Build.0 = Debug|Any CPU
		{92A497EA-6737-4A12-9E5F-292753848396}.Release|Any CPU.ActiveCfg = Release|Any CPU
		{92A497EA-6737-4A12-9E5F-292753848396}.Release|Any CPU.Build.0 = Release|Any CPU
		{9BC847DB-145C-48CF-B939-2FC8CF2FF452}.Debug|Any CPU.ActiveCfg = Debug|Any CPU
		{9BC847DB-145C-48CF-B939-2FC8CF2FF452}.Debug|Any CPU.Build.0 = Debug|Any CPU
		{9BC847DB-145C-48CF-B939-2FC8CF2FF452}.Release|Any CPU.ActiveCfg = Release|Any CPU
		{9BC847DB-145C-48CF-B939-2FC8CF2FF452}.Release|Any CPU.Build.0 = Release|Any CPU
		{05A2D541-0180-4CC9-B799-6DB4DD88581F}.Debug|Any CPU.ActiveCfg = Debug|Any CPU
		{05A2D541-0180-4CC9-B799-6DB4DD88581F}.Debug|Any CPU.Build.0 = Debug|Any CPU
		{05A2D541-0180-4CC9-B799-6DB4DD88581F}.Release|Any CPU.ActiveCfg = Release|Any CPU
		{05A2D541-0180-4CC9-B799-6DB4DD88581F}.Release|Any CPU.Build.0 = Release|Any CPU
		{B3415523-8DA2-4321-AA0F-11B956D04C59}.Debug|Any CPU.ActiveCfg = Debug|Any CPU
		{B3415523-8DA2-4321-AA0F-11B956D04C59}.Debug|Any CPU.Build.0 = Debug|Any CPU
		{B3415523-8DA2-4321-AA0F-11B956D04C59}.Release|Any CPU.ActiveCfg = Release|Any CPU
		{B3415523-8DA2-4321-AA0F-11B956D04C59}.Release|Any CPU.Build.0 = Release|Any CPU
		{BB6CDD70-2B1F-4F1C-8440-9E2E96DBACC0}.Debug|Any CPU.ActiveCfg = Debug|Any CPU
		{BB6CDD70-2B1F-4F1C-8440-9E2E96DBACC0}.Debug|Any CPU.Build.0 = Debug|Any CPU
		{BB6CDD70-2B1F-4F1C-8440-9E2E96DBACC0}.Release|Any CPU.ActiveCfg = Release|Any CPU
		{BB6CDD70-2B1F-4F1C-8440-9E2E96DBACC0}.Release|Any CPU.Build.0 = Release|Any CPU
	EndGlobalSection
	GlobalSection(SolutionProperties) = preSolution
		HideSolutionNode = FALSE
	EndGlobalSection
	GlobalSection(ExtensibilityGlobals) = postSolution
		SolutionGuid = {D660C373-3943-4B4B-8C6E-CB21E3FDEE4E}
	EndGlobalSection
EndGlobal
